<?xml version="1.0" encoding="utf-8"?>
<Project ToolsVersion="4.0" xmlns="http://schemas.microsoft.com/developer/msbuild/2003">
  <ItemGroup>
    <Filter Include="Source Files">
      <UniqueIdentifier>{4FC737F1-C7A5-4376-A066-2A32D752A2FF}</UniqueIdentifier>
      <Extensions>cpp;c;cc;cxx;def;odl;idl;hpj;bat;asm;asmx</Extensions>
    </Filter>
    <Filter Include="Header Files">
      <UniqueIdentifier>{93995380-89BD-4b04-88EB-625FBE52EBFB}</UniqueIdentifier>
      <Extensions>h;hh;hpp;hxx;hm;inl;inc;ipp;xsd</Extensions>
    </Filter>
    <Filter Include="Resource Files">
      <UniqueIdentifier>{67DA6AB6-F800-4c08-8B7A-83BB121AAD01}</UniqueIdentifier>
      <Extensions>rc;ico;cur;bmp;dlg;rc2;rct;bin;rgs;gif;jpg;jpeg;jpe;resx;tiff;tif;png;wav;mfcribbon-ms</Extensions>
    </Filter>
  </ItemGroup>
  <ItemGroup>
    <ClCompile Include="customer.cpp">
      <Filter>Source Files</Filter>
    </ClCompile>
    <ClCompile Include="database.cpp">
      <Filter>Source Files</Filter>
    </ClCompile>
    <ClCompile Include="bst.cpp">
      <Filter>Source Files</Filter>
    </ClCompile>
    <ClCompile Include="customer_mgt.cpp">
      <Filter>Source Files</Filter>
    </ClCompile>
    <ClCompile Include="appointment_mgt.cpp">
      <Filter>Source Files</Filter>
    </ClCompile>
    <ClCompile Include="inventory_manager.cpp">
      <Filter>Source Files</Filter>
    </ClCompile>
    <ClCompile Include="sale_management.cpp">
      <Filter>Source Files</Filter>
    </ClCompile>
    <ClCompile Include="waiting_list.cpp">
      <Filter>Source Files</Filter>
    </ClCompile>
    <ClCompile Include="main.cpp">
      <Filter>Source Files</Filter>
    </ClCompile>
  </ItemGroup>
  <ItemGroup>
    <ClInclude Include="customer.h">
      <Filter>Header Files</Filter>
    </ClInclude>
    <ClInclude Include="database.h">
      <Filter>Header Files</Filter>
    </ClInclude>
    <ClInclude Include="bst.h">
      <Filter>Header Files</Filter>
    </ClInclude>
    <ClInclude Include="node.h">
      <Filter>Header Files</Filter>
    </ClInclude>
    <ClInclude Include="customer_mgt.h">
      <Filter>Header Files</Filter>
    </ClInclude>
    <ClInclude Include="appointment.h">
      <Filter>Header Files</Filter>
    </ClInclude>
    <ClInclude Include="appointment_mgt.h">
      <Filter>Header Files</Filter>
    </ClInclude>
    <ClInclude Include="inventoryitem.h">
      <Filter>Header Files</Filter>
    </ClInclude>
    <ClInclude Include="inventory_manager.h">
      <Filter>Header Files</Filter>
    </ClInclude>
    <ClInclude Include="sale.h">
      <Filter>Header Files</Filter>
    </ClInclude>
    <ClInclude Include="sale_management.h">
      <Filter>Header Files</Filter>
    </ClInclude>
    <ClInclude Include="waiting_list.h">
      <Filter>Header Files</Filter>
    </ClInclude>
    <ClInclude Include="waiting.h">
      <Filter>Header Files</Filter>
    </ClInclude>
  </ItemGroup>
</Project>